
Microsoft Visual Studio Solution File, Format Version 11.00
# Visual Studio 2010
Project("{FAE04EC0-301F-11D3-BF4B-00C04F79EFBC}") = "复杂网络仿真平台-Preussen", "复杂网络仿真平台-Preussen\复杂网络仿真平台-Preussen.csproj", "{DB531D05-B8BE-45F4-97F2-EA14A2EBD31E}"
EndProject
Global
	GlobalSection(SolutionConfigurationPlatforms) = preSolution
		Debug|x86 = Debug|x86
		Release|x86 = Release|x86
	EndGlobalSection
	GlobalSection(ProjectConfigurationPlatforms) = postSolution
		{DB531D05-B8BE-45F4-97F2-EA14A2EBD31E}.Debug|x86.ActiveCfg = Debug|x86
		{DB531D05-B8BE-45F4-97F2-EA14A2EBD31E}.Debug|x86.Build.0 = Debug|x86
		{DB531D05-B8BE-45F4-97F2-EA14A2EBD31E}.Release|x86.ActiveCfg = Release|x86
		{DB531D05-B8BE-45F4-97F2-EA14A2EBD31E}.Release|x86.Build.0 = Release|x86
	EndGlobalSection
	GlobalSection(SolutionProperties) = preSolution
		HideSolutionNode = FALSE
	EndGlobalSection
EndGlobal
